
Microsoft Visual Studio Solution File, Format Version 12.00
# Visual Studio Version 17
VisualStudioVersion = 17.2.32519.379
MinimumVisualStudioVersion = 10.0.40219.1
Project("{FAE04EC0-301F-11D3-BF4B-00C04F79EFBC}") = "Harjutus1_Tarpv21", "Harjutus1_Tarpv21\Harjutus1_Tarpv21.csproj", "{C3570824-D445-42B7-A87E-7B71C588A890}"
EndProject
Global
	GlobalSection(SolutionConfigurationPlatforms) = preSolution
		Debug|Any CPU = Debug|Any CPU
		Release|Any CPU = Release|Any CPU
	EndGlobalSection
	GlobalSection(ProjectConfigurationPlatforms) = postSolution
		{C3570824-D445-42B7-A87E-7B71C588A890}.Debug|Any CPU.ActiveCfg = Debug|Any CPU
		{C3570824-D445-42B7-A87E-7B71C588A890}.Debug|Any CPU.Build.0 = Debug|Any CPU
		{C3570824-D445-42B7-A87E-7B71C588A890}.Release|Any CPU.ActiveCfg = Release|Any CPU
		{C3570824-D445-42B7-A87E-7B71C588A890}.Release|Any CPU.Build.0 = Release|Any CPU
	EndGlobalSection
	GlobalSection(SolutionProperties) = preSolution
		HideSolutionNode = FALSE
	EndGlobalSection
	GlobalSection(ExtensibilityGlobals) = postSolution
		SolutionGuid = {4A1A4CD9-F6D5-4637-8608-8A7844470E6C}
	EndGlobalSection
EndGlobal
